
Microsoft Visual Studio Solution File, Format Version 12.00
# Visual Studio Version 16
VisualStudioVersion = 16.0.31129.286
MinimumVisualStudioVersion = 10.0.40219.1
Project("{FAE04EC0-301F-11D3-BF4B-00C04F79EFBC}") = "Module-one", "Module-one\Module-one.csproj", "{530A5DCE-972A-4984-A8B8-F725CFE31E95}"
EndProject
Global
	GlobalSection(SolutionConfigurationPlatforms) = preSolution
		Debug|Any CPU = Debug|Any CPU
		Release|Any CPU = Release|Any CPU
	EndGlobalSection
	GlobalSection(ProjectConfigurationPlatforms) = postSolution
		{530A5DCE-972A-4984-A8B8-F725CFE31E95}.Debug|Any CPU.ActiveCfg = Debug|Any CPU
		{530A5DCE-972A-4984-A8B8-F725CFE31E95}.Debug|Any CPU.Build.0 = Debug|Any CPU
		{530A5DCE-972A-4984-A8B8-F725CFE31E95}.Release|Any CPU.ActiveCfg = Release|Any CPU
		{530A5DCE-972A-4984-A8B8-F725CFE31E95}.Release|Any CPU.Build.0 = Release|Any CPU
	EndGlobalSection
	GlobalSection(SolutionProperties) = preSolution
		HideSolutionNode = FALSE
	EndGlobalSection
	GlobalSection(ExtensibilityGlobals) = postSolution
		SolutionGuid = {874F4855-E4A9-4066-8EBC-5D4BA490A471}
	EndGlobalSection
EndGlobal
